
Microsoft Visual Studio Solution File, Format Version 12.00
# Visual Studio 14
VisualStudioVersion = 14.0.25123.0
MinimumVisualStudioVersion = 10.0.40219.1
Project("{FAE04EC0-301F-11D3-BF4B-00C04F79EFBC}") = "MultipleExcelSearch", "MultipleExcelSearch\MultipleExcelSearch.csproj", "{E825BD57-4BD3-4124-A76E-B6E67D1236AA}"
EndProject
Project("{FAE04EC0-301F-11D3-BF4B-00C04F79EFBC}") = "ExcelRunner", "ExcelRunner\ExcelRunner.csproj", "{AD8542A0-73B7-4447-ABCF-2E2C9EAA9FF5}"
EndProject
Global
	GlobalSection(SolutionConfigurationPlatforms) = preSolution
		Debug|Any CPU = Debug|Any CPU
		Release|Any CPU = Release|Any CPU
	EndGlobalSection
	GlobalSection(ProjectConfigurationPlatforms) = postSolution
		{E825BD57-4BD3-4124-A76E-B6E67D1236AA}.Debug|Any CPU.ActiveCfg = Debug|Any CPU
		{E825BD57-4BD3-4124-A76E-B6E67D1236AA}.Debug|Any CPU.Build.0 = Debug|Any CPU
		{E825BD57-4BD3-4124-A76E-B6E67D1236AA}.Release|Any CPU.ActiveCfg = Release|Any CPU
		{E825BD57-4BD3-4124-A76E-B6E67D1236AA}.Release|Any CPU.Build.0 = Release|Any CPU
		{AD8542A0-73B7-4447-ABCF-2E2C9EAA9FF5}.Debug|Any CPU.ActiveCfg = Debug|Any CPU
		{AD8542A0-73B7-4447-ABCF-2E2C9EAA9FF5}.Debug|Any CPU.Build.0 = Debug|Any CPU
		{AD8542A0-73B7-4447-ABCF-2E2C9EAA9FF5}.Release|Any CPU.ActiveCfg = Release|Any CPU
		{AD8542A0-73B7-4447-ABCF-2E2C9EAA9FF5}.Release|Any CPU.Build.0 = Release|Any CPU
	EndGlobalSection
	GlobalSection(SolutionProperties) = preSolution
		HideSolutionNode = FALSE
	EndGlobalSection
EndGlobal
